{
  "name": "teamspeak3-client",
  "version": "2.1.0",
  "lockfileVersion": 1,
  "requires": true,
  "dependencies": {
    "eventemitter2": {
      "version": "https://registry.npmjs.org/eventemitter2/-/eventemitter2-4.1.0.tgz",
      "integrity": "sha1-sfuKEUTn38+Azszph3/21o59hQY="
    },
    "line-input-stream": {
      "version": "https://registry.npmjs.org/line-input-stream/-/line-input-stream-1.0.1.tgz",
      "integrity": "sha1-wct3n+yunyRVzENcAQNjK63gTCY="
    },
    "teamspeak3-utils": {
      "version": "1.4.1",
      "resolved": "https://registry.npmjs.org/teamspeak3-utils/-/teamspeak3-utils-1.4.1.tgz",
      "integrity": "sha512-tuL2MSe+iaIonwIObcAhNKSIASUatfXBcePsypqi+031GfAAmozX7JOB1TQGVG/t9W+x02OAlYlQ7Knv4Xhiuw==",
      "requires": {
        "underscore": "https://registry.npmjs.org/underscore/-/underscore-1.8.3.tgz"
      }
    },
    "underscore": {
      "version": "https://registry.npmjs.org/underscore/-/underscore-1.8.3.tgz",
      "integrity": "sha1-Tz+1OxBuYJf8+ctBCfKl6b36UCI="
    }
  }
}
